
Microsoft Visual Studio Solution File, Format Version 12.00
# Visual Studio Version 17
VisualStudioVersion = 17.8.34525.116
MinimumVisualStudioVersion = 10.0.40219.1
Project("{FAE04EC0-301F-11D3-BF4B-00C04F79EFBC}") = "Linq.Arranging.Grouping.SetOperations", "Linq.Arranging.Grouping.SetOperations\Linq.Arranging.Grouping.SetOperations.csproj", "{733FCEB9-19A0-4635-A3EE-428D9830DF89}"
EndProject
Global
	GlobalSection(SolutionConfigurationPlatforms) = preSolution
		Debug|Any CPU = Debug|Any CPU
		Release|Any CPU = Release|Any CPU
	EndGlobalSection
	GlobalSection(ProjectConfigurationPlatforms) = postSolution
		{733FCEB9-19A0-4635-A3EE-428D9830DF89}.Debug|Any CPU.ActiveCfg = Debug|Any CPU
		{733FCEB9-19A0-4635-A3EE-428D9830DF89}.Debug|Any CPU.Build.0 = Debug|Any CPU
		{733FCEB9-19A0-4635-A3EE-428D9830DF89}.Release|Any CPU.ActiveCfg = Release|Any CPU
		{733FCEB9-19A0-4635-A3EE-428D9830DF89}.Release|Any CPU.Build.0 = Release|Any CPU
	EndGlobalSection
	GlobalSection(SolutionProperties) = preSolution
		HideSolutionNode = FALSE
	EndGlobalSection
	GlobalSection(ExtensibilityGlobals) = postSolution
		SolutionGuid = {E6F72252-0562-400E-A535-BD6F82AF2DA9}
	EndGlobalSection
EndGlobal
